{
  "name": "set-vs-object",
  "version": "1.0.0",
  "lockfileVersion": 2,
  "requires": true,
  "packages": {
    "": {
      "version": "1.0.0",
      "license": "MIT",
      "dependencies": {
        "benchmark": "^1.0.0",
        "ngraph.random": "0.0.1"
      }
    },
    "node_modules/benchmark": {
      "version": "1.0.0",
      "integrity": "sha512-qSlOi0If8sI+icu3l/W5rd4R0etJz9orLPWpDdt1lPgEFzEHYYnkfMuotj+Lx5SyMkmfawlPoW9RmoEm19ziHA==",
      "engines": [
        "node",
        "rhino"
      ]
    },
    "node_modules/ngraph.random": {
      "version": "0.0.1",
      "integrity": "sha512-QPKU7ChXF/VrvMQxVo9aWcvXCXp98VfL4nKUteTW/olDqeUqQ61t7m+jvFb8Dj7kKvlKlnsbDA1aWLJGmm17XA=="
    }
  },
  "dependencies": {
    "benchmark": {
      "version": "1.0.0",
      "integrity": "sha512-qSlOi0If8sI+icu3l/W5rd4R0etJz9orLPWpDdt1lPgEFzEHYYnkfMuotj+Lx5SyMkmfawlPoW9RmoEm19ziHA=="
    },
    "ngraph.random": {
      "version": "0.0.1",
      "integrity": "sha512-QPKU7ChXF/VrvMQxVo9aWcvXCXp98VfL4nKUteTW/olDqeUqQ61t7m+jvFb8Dj7kKvlKlnsbDA1aWLJGmm17XA=="
    }
  }
}
